
Microsoft Visual Studio Solution File, Format Version 12.00
# Visual Studio 15
VisualStudioVersion = 15.0.25123.0
MinimumVisualStudioVersion = 10.0.40219.1
Project("{FAE04EC0-301F-11D3-BF4B-00C04F79EFBC}") = "Agronomist", "Agronomist\Agronomist.csproj", "{62F1352D-E243-45DF-B0BE-E2505B345AE6}"
EndProject
Project("{FAE04EC0-301F-11D3-BF4B-00C04F79EFBC}") = "DatabasePOCOs", "DbStructure\DatabasePOCOs.csproj", "{27FF170A-961D-4372-A340-818DC56C53D0}"
EndProject
Project("{FAE04EC0-301F-11D3-BF4B-00C04F79EFBC}") = "NetLib", "NetLib\NetLib.csproj", "{BA28C443-0FF2-492F-9351-F1CF4F76BB93}"
EndProject
Global
	GlobalSection(SolutionConfigurationPlatforms) = preSolution
		Debug|ARM = Debug|ARM
		Debug|x64 = Debug|x64
		Debug|x86 = Debug|x86
		NATIVE|ARM = NATIVE|ARM
		NATIVE|x64 = NATIVE|x64
		NATIVE|x86 = NATIVE|x86
		Release|ARM = Release|ARM
		Release|x64 = Release|x64
		Release|x86 = Release|x86
	EndGlobalSection
	GlobalSection(ProjectConfigurationPlatforms) = postSolution
		{62F1352D-E243-45DF-B0BE-E2505B345AE6}.Debug|ARM.ActiveCfg = Debug|ARM
		{62F1352D-E243-45DF-B0BE-E2505B345AE6}.Debug|ARM.Build.0 = Debug|ARM
		{62F1352D-E243-45DF-B0BE-E2505B345AE6}.Debug|ARM.Deploy.0 = Debug|ARM
		{62F1352D-E243-45DF-B0BE-E2505B345AE6}.Debug|x64.ActiveCfg = Debug|x64
		{62F1352D-E243-45DF-B0BE-E2505B345AE6}.Debug|x64.Build.0 = Debug|x64
		{62F1352D-E243-45DF-B0BE-E2505B345AE6}.Debug|x64.Deploy.0 = Debug|x64
		{62F1352D-E243-45DF-B0BE-E2505B345AE6}.Debug|x86.ActiveCfg = Debug|x86
		{62F1352D-E243-45DF-B0BE-E2505B345AE6}.Debug|x86.Build.0 = Debug|x86
		{62F1352D-E243-45DF-B0BE-E2505B345AE6}.Debug|x86.Deploy.0 = Debug|x86
		{62F1352D-E243-45DF-B0BE-E2505B345AE6}.NATIVE|ARM.ActiveCfg = NATIVE|ARM
		{62F1352D-E243-45DF-B0BE-E2505B345AE6}.NATIVE|ARM.Build.0 = NATIVE|ARM
		{62F1352D-E243-45DF-B0BE-E2505B345AE6}.NATIVE|ARM.Deploy.0 = NATIVE|ARM
		{62F1352D-E243-45DF-B0BE-E2505B345AE6}.NATIVE|x64.ActiveCfg = NATIVE|x64
		{62F1352D-E243-45DF-B0BE-E2505B345AE6}.NATIVE|x64.Build.0 = NATIVE|x64
		{62F1352D-E243-45DF-B0BE-E2505B345AE6}.NATIVE|x64.Deploy.0 = NATIVE|x64
		{62F1352D-E243-45DF-B0BE-E2505B345AE6}.NATIVE|x86.ActiveCfg = NATIVE|x86
		{62F1352D-E243-45DF-B0BE-E2505B345AE6}.NATIVE|x86.Build.0 = NATIVE|x86
		{62F1352D-E243-45DF-B0BE-E2505B345AE6}.NATIVE|x86.Deploy.0 = NATIVE|x86
		{62F1352D-E243-45DF-B0BE-E2505B345AE6}.Release|ARM.ActiveCfg = Release|ARM
		{62F1352D-E243-45DF-B0BE-E2505B345AE6}.Release|ARM.Build.0 = Release|ARM
		{62F1352D-E243-45DF-B0BE-E2505B345AE6}.Release|ARM.Deploy.0 = Release|ARM
		{62F1352D-E243-45DF-B0BE-E2505B345AE6}.Release|x64.ActiveCfg = Release|x64
		{62F1352D-E243-45DF-B0BE-E2505B345AE6}.Release|x64.Build.0 = Release|x64
		{62F1352D-E243-45DF-B0BE-E2505B345AE6}.Release|x64.Deploy.0 = Release|x64
		{62F1352D-E243-45DF-B0BE-E2505B345AE6}.Release|x86.ActiveCfg = Release|x86
		{62F1352D-E243-45DF-B0BE-E2505B345AE6}.Release|x86.Build.0 = Release|x86
		{62F1352D-E243-45DF-B0BE-E2505B345AE6}.Release|x86.Deploy.0 = Release|x86
		{27FF170A-961D-4372-A340-818DC56C53D0}.Debug|ARM.ActiveCfg = Debug|Any CPU
		{27FF170A-961D-4372-A340-818DC56C53D0}.Debug|ARM.Build.0 = Debug|Any CPU
		{27FF170A-961D-4372-A340-818DC56C53D0}.Debug|x64.ActiveCfg = Debug|Any CPU
		{27FF170A-961D-4372-A340-818DC56C53D0}.Debug|x64.Build.0 = Debug|Any CPU
		{27FF170A-961D-4372-A340-818DC56C53D0}.Debug|x86.ActiveCfg = Debug|Any CPU
		{27FF170A-961D-4372-A340-818DC56C53D0}.Debug|x86.Build.0 = Debug|Any CPU
		{27FF170A-961D-4372-A340-818DC56C53D0}.NATIVE|ARM.ActiveCfg = Release|Any CPU
		{27FF170A-961D-4372-A340-818DC56C53D0}.NATIVE|ARM.Build.0 = Release|Any CPU
		{27FF170A-961D-4372-A340-818DC56C53D0}.NATIVE|x64.ActiveCfg = Release|Any CPU
		{27FF170A-961D-4372-A340-818DC56C53D0}.NATIVE|x64.Build.0 = Release|Any CPU
		{27FF170A-961D-4372-A340-818DC56C53D0}.NATIVE|x86.ActiveCfg = Release|Any CPU
		{27FF170A-961D-4372-A340-818DC56C53D0}.NATIVE|x86.Build.0 = Release|Any CPU
		{27FF170A-961D-4372-A340-818DC56C53D0}.Release|ARM.ActiveCfg = Release|Any CPU
		{27FF170A-961D-4372-A340-818DC56C53D0}.Release|ARM.Build.0 = Release|Any CPU
		{27FF170A-961D-4372-A340-818DC56C53D0}.Release|x64.ActiveCfg = Release|Any CPU
		{27FF170A-961D-4372-A340-818DC56C53D0}.Release|x64.Build.0 = Release|Any CPU
		{27FF170A-961D-4372-A340-818DC56C53D0}.Release|x86.ActiveCfg = Release|Any CPU
		{27FF170A-961D-4372-A340-818DC56C53D0}.Release|x86.Build.0 = Release|Any CPU
		{BA28C443-0FF2-492F-9351-F1CF4F76BB93}.Debug|ARM.ActiveCfg = Debug|ARM
		{BA28C443-0FF2-492F-9351-F1CF4F76BB93}.Debug|ARM.Build.0 = Debug|ARM
		{BA28C443-0FF2-492F-9351-F1CF4F76BB93}.Debug|x64.ActiveCfg = Debug|x64
		{BA28C443-0FF2-492F-9351-F1CF4F76BB93}.Debug|x64.Build.0 = Debug|x64
		{BA28C443-0FF2-492F-9351-F1CF4F76BB93}.Debug|x86.ActiveCfg = Debug|x86
		{BA28C443-0FF2-492F-9351-F1CF4F76BB93}.Debug|x86.Build.0 = Debug|x86
		{BA28C443-0FF2-492F-9351-F1CF4F76BB93}.NATIVE|ARM.ActiveCfg = NATIVE|ARM
		{BA28C443-0FF2-492F-9351-F1CF4F76BB93}.NATIVE|ARM.Build.0 = NATIVE|ARM
		{BA28C443-0FF2-492F-9351-F1CF4F76BB93}.NATIVE|x64.ActiveCfg = NATIVE|x64
		{BA28C443-0FF2-492F-9351-F1CF4F76BB93}.NATIVE|x64.Build.0 = NATIVE|x64
		{BA28C443-0FF2-492F-9351-F1CF4F76BB93}.NATIVE|x86.ActiveCfg = NATIVE|x86
		{BA28C443-0FF2-492F-9351-F1CF4F76BB93}.NATIVE|x86.Build.0 = NATIVE|x86
		{BA28C443-0FF2-492F-9351-F1CF4F76BB93}.Release|ARM.ActiveCfg = Release|ARM
		{BA28C443-0FF2-492F-9351-F1CF4F76BB93}.Release|ARM.Build.0 = Release|ARM
		{BA28C443-0FF2-492F-9351-F1CF4F76BB93}.Release|x64.ActiveCfg = Release|x64
		{BA28C443-0FF2-492F-9351-F1CF4F76BB93}.Release|x64.Build.0 = Release|x64
		{BA28C443-0FF2-492F-9351-F1CF4F76BB93}.Release|x86.ActiveCfg = Release|x86
		{BA28C443-0FF2-492F-9351-F1CF4F76BB93}.Release|x86.Build.0 = Release|x86
	EndGlobalSection
	GlobalSection(SolutionProperties) = preSolution
		HideSolutionNode = FALSE
	EndGlobalSection
EndGlobal
