
Microsoft Visual Studio Solution File, Format Version 12.00
# Visual Studio 15
VisualStudioVersion = 15.0.25302.0
MinimumVisualStudioVersion = 10.0.40219.1
Project("{FAE04EC0-301F-11D3-BF4B-00C04F79EFBC}") = "DatabasePOCOs", "DbStructure\DatabasePOCOs.csproj", "{27FF170A-961D-4372-A340-818DC56C53D0}"
EndProject
Project("{FAE04EC0-301F-11D3-BF4B-00C04F79EFBC}") = "NetLib", "NetLib\NetLib.csproj", "{BA28C443-0FF2-492F-9351-F1CF4F76BB93}"
EndProject
Project("{FAE04EC0-301F-11D3-BF4B-00C04F79EFBC}") = "Agronomist", "Agronomist\Agronomist.csproj", "{B267F886-254B-419F-B527-8D814FDDC1CA}"
EndProject
Project("{FAE04EC0-301F-11D3-BF4B-00C04F79EFBC}") = "NetLibTests", "NetLibTests\NetLibTests.csproj", "{E2CFBB69-9430-49AB-AEC9-C9E31EDCBC79}"
EndProject
Project("{FAE04EC0-301F-11D3-BF4B-00C04F79EFBC}") = "GnatMQ", "GnatMQ\GnatMQ.csproj", "{6F54CCAF-5B22-4293-9AFC-A664CC180EC9}"
EndProject
Global
	GlobalSection(SolutionConfigurationPlatforms) = preSolution
		Debug|ARM = Debug|ARM
		Debug|x64 = Debug|x64
		Debug|x86 = Debug|x86
		NATIVE|ARM = NATIVE|ARM
		NATIVE|x64 = NATIVE|x64
		NATIVE|x86 = NATIVE|x86
		Release|ARM = Release|ARM
		Release|x64 = Release|x64
		Release|x86 = Release|x86
	EndGlobalSection
	GlobalSection(ProjectConfigurationPlatforms) = postSolution
		{27FF170A-961D-4372-A340-818DC56C53D0}.Debug|ARM.ActiveCfg = Release|ARM
		{27FF170A-961D-4372-A340-818DC56C53D0}.Debug|ARM.Build.0 = Release|ARM
		{27FF170A-961D-4372-A340-818DC56C53D0}.Debug|x64.ActiveCfg = Debug|x64
		{27FF170A-961D-4372-A340-818DC56C53D0}.Debug|x64.Build.0 = Debug|x64
		{27FF170A-961D-4372-A340-818DC56C53D0}.Debug|x86.ActiveCfg = Debug|x86
		{27FF170A-961D-4372-A340-818DC56C53D0}.Debug|x86.Build.0 = Debug|x86
		{27FF170A-961D-4372-A340-818DC56C53D0}.NATIVE|ARM.ActiveCfg = NATIVE|ARM
		{27FF170A-961D-4372-A340-818DC56C53D0}.NATIVE|ARM.Build.0 = NATIVE|ARM
		{27FF170A-961D-4372-A340-818DC56C53D0}.NATIVE|x64.ActiveCfg = NATIVE|x64
		{27FF170A-961D-4372-A340-818DC56C53D0}.NATIVE|x64.Build.0 = NATIVE|x64
		{27FF170A-961D-4372-A340-818DC56C53D0}.NATIVE|x86.ActiveCfg = NATIVE|x86
		{27FF170A-961D-4372-A340-818DC56C53D0}.NATIVE|x86.Build.0 = NATIVE|x86
		{27FF170A-961D-4372-A340-818DC56C53D0}.Release|ARM.ActiveCfg = Release|ARM
		{27FF170A-961D-4372-A340-818DC56C53D0}.Release|ARM.Build.0 = Release|ARM
		{27FF170A-961D-4372-A340-818DC56C53D0}.Release|x64.ActiveCfg = Release|x64
		{27FF170A-961D-4372-A340-818DC56C53D0}.Release|x64.Build.0 = Release|x64
		{27FF170A-961D-4372-A340-818DC56C53D0}.Release|x86.ActiveCfg = Release|x86
		{27FF170A-961D-4372-A340-818DC56C53D0}.Release|x86.Build.0 = Release|x86
		{BA28C443-0FF2-492F-9351-F1CF4F76BB93}.Debug|ARM.ActiveCfg = Release|ARM
		{BA28C443-0FF2-492F-9351-F1CF4F76BB93}.Debug|ARM.Build.0 = Release|ARM
		{BA28C443-0FF2-492F-9351-F1CF4F76BB93}.Debug|x64.ActiveCfg = Debug|x64
		{BA28C443-0FF2-492F-9351-F1CF4F76BB93}.Debug|x64.Build.0 = Debug|x64
		{BA28C443-0FF2-492F-9351-F1CF4F76BB93}.Debug|x86.ActiveCfg = Debug|x86
		{BA28C443-0FF2-492F-9351-F1CF4F76BB93}.Debug|x86.Build.0 = Debug|x86
		{BA28C443-0FF2-492F-9351-F1CF4F76BB93}.NATIVE|ARM.ActiveCfg = NATIVE|ARM
		{BA28C443-0FF2-492F-9351-F1CF4F76BB93}.NATIVE|ARM.Build.0 = NATIVE|ARM
		{BA28C443-0FF2-492F-9351-F1CF4F76BB93}.NATIVE|x64.ActiveCfg = NATIVE|x64
		{BA28C443-0FF2-492F-9351-F1CF4F76BB93}.NATIVE|x64.Build.0 = NATIVE|x64
		{BA28C443-0FF2-492F-9351-F1CF4F76BB93}.NATIVE|x86.ActiveCfg = NATIVE|x86
		{BA28C443-0FF2-492F-9351-F1CF4F76BB93}.NATIVE|x86.Build.0 = NATIVE|x86
		{BA28C443-0FF2-492F-9351-F1CF4F76BB93}.Release|ARM.ActiveCfg = Release|ARM
		{BA28C443-0FF2-492F-9351-F1CF4F76BB93}.Release|ARM.Build.0 = Release|ARM
		{BA28C443-0FF2-492F-9351-F1CF4F76BB93}.Release|x64.ActiveCfg = Release|x64
		{BA28C443-0FF2-492F-9351-F1CF4F76BB93}.Release|x64.Build.0 = Release|x64
		{BA28C443-0FF2-492F-9351-F1CF4F76BB93}.Release|x86.ActiveCfg = Release|x86
		{BA28C443-0FF2-492F-9351-F1CF4F76BB93}.Release|x86.Build.0 = Release|x86
		{B267F886-254B-419F-B527-8D814FDDC1CA}.Debug|ARM.ActiveCfg = Release|ARM
		{B267F886-254B-419F-B527-8D814FDDC1CA}.Debug|ARM.Build.0 = Release|ARM
		{B267F886-254B-419F-B527-8D814FDDC1CA}.Debug|ARM.Deploy.0 = Release|ARM
		{B267F886-254B-419F-B527-8D814FDDC1CA}.Debug|x64.ActiveCfg = Debug|x64
		{B267F886-254B-419F-B527-8D814FDDC1CA}.Debug|x64.Build.0 = Debug|x64
		{B267F886-254B-419F-B527-8D814FDDC1CA}.Debug|x64.Deploy.0 = Debug|x64
		{B267F886-254B-419F-B527-8D814FDDC1CA}.Debug|x86.ActiveCfg = Debug|x86
		{B267F886-254B-419F-B527-8D814FDDC1CA}.Debug|x86.Build.0 = Debug|x86
		{B267F886-254B-419F-B527-8D814FDDC1CA}.Debug|x86.Deploy.0 = Debug|x86
		{B267F886-254B-419F-B527-8D814FDDC1CA}.NATIVE|ARM.ActiveCfg = NATIVE|ARM
		{B267F886-254B-419F-B527-8D814FDDC1CA}.NATIVE|ARM.Build.0 = NATIVE|ARM
		{B267F886-254B-419F-B527-8D814FDDC1CA}.NATIVE|ARM.Deploy.0 = NATIVE|ARM
		{B267F886-254B-419F-B527-8D814FDDC1CA}.NATIVE|x64.ActiveCfg = NATIVE|x64
		{B267F886-254B-419F-B527-8D814FDDC1CA}.NATIVE|x64.Build.0 = NATIVE|x64
		{B267F886-254B-419F-B527-8D814FDDC1CA}.NATIVE|x64.Deploy.0 = NATIVE|x64
		{B267F886-254B-419F-B527-8D814FDDC1CA}.NATIVE|x86.ActiveCfg = NATIVE|x86
		{B267F886-254B-419F-B527-8D814FDDC1CA}.NATIVE|x86.Build.0 = NATIVE|x86
		{B267F886-254B-419F-B527-8D814FDDC1CA}.NATIVE|x86.Deploy.0 = NATIVE|x86
		{B267F886-254B-419F-B527-8D814FDDC1CA}.Release|ARM.ActiveCfg = Release|ARM
		{B267F886-254B-419F-B527-8D814FDDC1CA}.Release|ARM.Build.0 = Release|ARM
		{B267F886-254B-419F-B527-8D814FDDC1CA}.Release|ARM.Deploy.0 = Release|ARM
		{B267F886-254B-419F-B527-8D814FDDC1CA}.Release|x64.ActiveCfg = Release|x64
		{B267F886-254B-419F-B527-8D814FDDC1CA}.Release|x64.Build.0 = Release|x64
		{B267F886-254B-419F-B527-8D814FDDC1CA}.Release|x64.Deploy.0 = Release|x64
		{B267F886-254B-419F-B527-8D814FDDC1CA}.Release|x86.ActiveCfg = Release|x86
		{B267F886-254B-419F-B527-8D814FDDC1CA}.Release|x86.Build.0 = Release|x86
		{B267F886-254B-419F-B527-8D814FDDC1CA}.Release|x86.Deploy.0 = Release|x86
		{E2CFBB69-9430-49AB-AEC9-C9E31EDCBC79}.Debug|ARM.ActiveCfg = Release|ARM
		{E2CFBB69-9430-49AB-AEC9-C9E31EDCBC79}.Debug|ARM.Build.0 = Release|ARM
		{E2CFBB69-9430-49AB-AEC9-C9E31EDCBC79}.Debug|x64.ActiveCfg = Debug|x64
		{E2CFBB69-9430-49AB-AEC9-C9E31EDCBC79}.Debug|x64.Build.0 = Debug|x64
		{E2CFBB69-9430-49AB-AEC9-C9E31EDCBC79}.Debug|x86.ActiveCfg = Debug|x86
		{E2CFBB69-9430-49AB-AEC9-C9E31EDCBC79}.Debug|x86.Build.0 = Debug|x86
		{E2CFBB69-9430-49AB-AEC9-C9E31EDCBC79}.NATIVE|ARM.ActiveCfg = NATIVE|ARM
		{E2CFBB69-9430-49AB-AEC9-C9E31EDCBC79}.NATIVE|x64.ActiveCfg = NATIVE|x64
		{E2CFBB69-9430-49AB-AEC9-C9E31EDCBC79}.NATIVE|x86.ActiveCfg = NATIVE|x86
		{E2CFBB69-9430-49AB-AEC9-C9E31EDCBC79}.Release|ARM.ActiveCfg = Release|ARM
		{E2CFBB69-9430-49AB-AEC9-C9E31EDCBC79}.Release|ARM.Build.0 = Release|ARM
		{E2CFBB69-9430-49AB-AEC9-C9E31EDCBC79}.Release|x64.ActiveCfg = Release|x64
		{E2CFBB69-9430-49AB-AEC9-C9E31EDCBC79}.Release|x64.Build.0 = Release|x64
		{E2CFBB69-9430-49AB-AEC9-C9E31EDCBC79}.Release|x86.ActiveCfg = Release|x86
		{E2CFBB69-9430-49AB-AEC9-C9E31EDCBC79}.Release|x86.Build.0 = Release|x86
		{6F54CCAF-5B22-4293-9AFC-A664CC180EC9}.Debug|ARM.ActiveCfg = Release|ARM
		{6F54CCAF-5B22-4293-9AFC-A664CC180EC9}.Debug|ARM.Build.0 = Release|ARM
		{6F54CCAF-5B22-4293-9AFC-A664CC180EC9}.Debug|x64.ActiveCfg = Debug|x64
		{6F54CCAF-5B22-4293-9AFC-A664CC180EC9}.Debug|x64.Build.0 = Debug|x64
		{6F54CCAF-5B22-4293-9AFC-A664CC180EC9}.Debug|x86.ActiveCfg = Debug|x86
		{6F54CCAF-5B22-4293-9AFC-A664CC180EC9}.Debug|x86.Build.0 = Debug|x86
		{6F54CCAF-5B22-4293-9AFC-A664CC180EC9}.NATIVE|ARM.ActiveCfg = NATIVE|ARM
		{6F54CCAF-5B22-4293-9AFC-A664CC180EC9}.NATIVE|ARM.Build.0 = NATIVE|ARM
		{6F54CCAF-5B22-4293-9AFC-A664CC180EC9}.NATIVE|x64.ActiveCfg = NATIVE|x64
		{6F54CCAF-5B22-4293-9AFC-A664CC180EC9}.NATIVE|x64.Build.0 = NATIVE|x64
		{6F54CCAF-5B22-4293-9AFC-A664CC180EC9}.NATIVE|x86.ActiveCfg = NATIVE|x86
		{6F54CCAF-5B22-4293-9AFC-A664CC180EC9}.NATIVE|x86.Build.0 = NATIVE|x86
		{6F54CCAF-5B22-4293-9AFC-A664CC180EC9}.Release|ARM.ActiveCfg = Release|ARM
		{6F54CCAF-5B22-4293-9AFC-A664CC180EC9}.Release|ARM.Build.0 = Release|ARM
		{6F54CCAF-5B22-4293-9AFC-A664CC180EC9}.Release|x64.ActiveCfg = Release|x64
		{6F54CCAF-5B22-4293-9AFC-A664CC180EC9}.Release|x64.Build.0 = Release|x64
		{6F54CCAF-5B22-4293-9AFC-A664CC180EC9}.Release|x86.ActiveCfg = Release|x86
		{6F54CCAF-5B22-4293-9AFC-A664CC180EC9}.Release|x86.Build.0 = Release|x86
	EndGlobalSection
	GlobalSection(SolutionProperties) = preSolution
		HideSolutionNode = FALSE
	EndGlobalSection
EndGlobal
